// !$*UTF8*$!
{
	archiveVersion = 1;
	classes = {
	};
	objectVersion = 46;
	objects = {

/* Begin PBXBuildFile section */
		FE211BC21B4F5673000A1DE8 /* AppDelegate.swift in Sources */ = {isa = PBXBuildFile; fileRef = FE211BC11B4F5673000A1DE8 /* AppDelegate.swift */; };
		FE211BC41B4F5673000A1DE8 /* ViewController.swift in Sources */ = {isa = PBXBuildFile; fileRef = FE211BC31B4F5673000A1DE8 /* ViewController.swift */; };
		FE211BC71B4F5673000A1DE8 /* Main.storyboard in Resources */ = {isa = PBXBuildFile; fileRef = FE211BC51B4F5673000A1DE8 /* Main.storyboard */; };
		FE211BC91B4F5673000A1DE8 /* Images.xcassets in Resources */ = {isa = PBXBuildFile; fileRef = FE211BC81B4F5673000A1DE8 /* Images.xcassets */; };
		FE211BCC1B4F5673000A1DE8 /* LaunchScreen.xib in Resources */ = {isa = PBXBuildFile; fileRef = FE211BCA1B4F5673000A1DE8 /* LaunchScreen.xib */; };
		FE211BD81B4F5673000A1DE8 /* PhotoGrouperTests.swift in Sources */ = {isa = PBXBuildFile; fileRef = FE211BD71B4F5673000A1DE8 /* PhotoGrouperTests.swift */; };
		FE211BE21B4F59E3000A1DE8 /* PhotoTableViewController.swift in Sources */ = {isa = PBXBuildFile; fileRef = FE211BE11B4F59E3000A1DE8 /* PhotoTableViewController.swift */; };
		FE211BE41B4F5A05000A1DE8 /* PhotoTableViewCell.swift in Sources */ = {isa = PBXBuildFile; fileRef = FE211BE31B4F5A05000A1DE8 /* PhotoTableViewCell.swift */; };
		FE211BE61B4F5A2A000A1DE8 /* PhotoCollectionViewCell.swift in Sources */ = {isa = PBXBuildFile; fileRef = FE211BE51B4F5A2A000A1DE8 /* PhotoCollectionViewCell.swift */; };
/* End PBXBuildFile section */

/* Begin PBXContainerItemProxy section */
		FE211BD21B4F5673000A1DE8 /* PBXContainerItemProxy */ = {
			isa = PBXContainerItemProxy;
			containerPortal = FE211BB41B4F5672000A1DE8 /* Project object */;
			proxyType = 1;
			remoteGlobalIDString = FE211BBB1B4F5673000A1DE8;
			remoteInfo = PhotoGrouper;
		};
/* End PBXContainerItemProxy section */

/* Begin PBXFileReference section */
		FE211BBC1B4F5673000A1DE8 /* PhotoGrouper.app */ = {isa = PBXFileReference; explicitFileType = wrapper.application; includeInIndex = 0; path = PhotoGrouper.app; sourceTree = BUILT_PRODUCTS_DIR; };
		FE211BC01B4F5673000A1DE8 /* Info.plist */ = {isa = PBXFileReference; lastKnownFileType = text.plist.xml; path = Info.plist; sourceTree = "<group>"; };
		FE211BC11B4F5673000A1DE8 /* AppDelegate.swift */ = {isa = PBXFileReference; lastKnownFileType = sourcecode.swift; path = AppDelegate.swift; sourceTree = "<group>"; };
		FE211BC31B4F5673000A1DE8 /* ViewController.swift */ = {isa = PBXFileReference; lastKnownFileType = sourcecode.swift; path = ViewController.swift; sourceTree = "<group>"; };
		FE211BC61B4F5673000A1DE8 /* Base */ = {isa = PBXFileReference; lastKnownFileType = file.storyboard; name = Base; path = Base.lproj/Main.storyboard; sourceTree = "<group>"; };
		FE211BC81B4F5673000A1DE8 /* Images.xcassets */ = {isa = PBXFileReference; lastKnownFileType = folder.assetcatalog; path = Images.xcassets; sourceTree = "<group>"; };
		FE211BCB1B4F5673000A1DE8 /* Base */ = {isa = PBXFileReference; lastKnownFileType = file.xib; name = Base; path = Base.lproj/LaunchScreen.xib; sourceTree = "<group>"; };
		FE211BD11B4F5673000A1DE8 /* PhotoGrouperTests.xctest */ = {isa = PBXFileReference; explicitFileType = wrapper.cfbundle; includeInIndex = 0; path = PhotoGrouperTests.xctest; sourceTree = BUILT_PRODUCTS_DIR; };
		FE211BD61B4F5673000A1DE8 /* Info.plist */ = {isa = PBXFileReference; lastKnownFileType = text.plist.xml; path = Info.plist; sourceTree = "<group>"; };
		FE211BD71B4F5673000A1DE8 /* PhotoGrouperTests.swift */ = {isa = PBXFileReference; lastKnownFileType = sourcecode.swift; path = PhotoGrouperTests.swift; sourceTree = "<group>"; };
		FE211BE11B4F59E3000A1DE8 /* PhotoTableViewController.swift */ = {isa = PBXFileReference; fileEncoding = 4; lastKnownFileType = sourcecode.swift; path = PhotoTableViewController.swift; sourceTree = "<group>"; };
		FE211BE31B4F5A05000A1DE8 /* PhotoTableViewCell.swift */ = {isa = PBXFileReference; fileEncoding = 4; lastKnownFileType = sourcecode.swift; path = PhotoTableViewCell.swift; sourceTree = "<group>"; };
		FE211BE51B4F5A2A000A1DE8 /* PhotoCollectionViewCell.swift */ = {isa = PBXFileReference; fileEncoding = 4; lastKnownFileType = sourcecode.swift; path = PhotoCollectionViewCell.swift; sourceTree = "<group>"; };
/* End PBXFileReference section */

/* Begin PBXFrameworksBuildPhase section */
		FE211BB91B4F5673000A1DE8 /* Frameworks */ = {
			isa = PBXFrameworksBuildPhase;
			buildActionMask = 2147483647;
			files = (
			);
			runOnlyForDeploymentPostprocessing = 0;
		};
		FE211BCE1B4F5673000A1DE8 /* Frameworks */ = {
			isa = PBXFrameworksBuildPhase;
			buildActionMask = 2147483647;
			files = (
			);
			runOnlyForDeploymentPostprocessing = 0;
		};
/* End PBXFrameworksBuildPhase section */

/* Begin PBXGroup section */
		FE211BB31B4F5672000A1DE8 = {
			isa = PBXGroup;
			children = (
				FE211BBE1B4F5673000A1DE8 /* PhotoGrouper */,
				FE211BD41B4F5673000A1DE8 /* PhotoGrouperTests */,
				FE211BBD1B4F5673000A1DE8 /* Products */,
			);
			sourceTree = "<group>";
		};
		FE211BBD1B4F5673000A1DE8 /* Products */ = {
			isa = PBXGroup;
			children = (
				FE211BBC1B4F5673000A1DE8 /* PhotoGrouper.app */,
				FE211BD11B4F5673000A1DE8 /* PhotoGrouperTests.xctest */,
			);
			name = Products;
			sourceTree = "<group>";
		};
		FE211BBE1B4F5673000A1DE8 /* PhotoGrouper */ = {
			isa = PBXGroup;
			children = (
				FE211BC11B4F5673000A1DE8 /* AppDelegate.swift */,
				FE211BC31B4F5673000A1DE8 /* ViewController.swift */,
				FE211BE11B4F59E3000A1DE8 /* PhotoTableViewController.swift */,
				FE211BE31B4F5A05000A1DE8 /* PhotoTableViewCell.swift */,
				FE211BE51B4F5A2A000A1DE8 /* PhotoCollectionViewCell.swift */,
				FE211BC51B4F5673000A1DE8 /* Main.storyboard */,
				FE211BC81B4F5673000A1DE8 /* Images.xcassets */,
				FE211BCA1B4F5673000A1DE8 /* LaunchScreen.xib */,
				FE211BBF1B4F5673000A1DE8 /* Supporting Files */,
			);
			path = PhotoGrouper;
			sourceTree = "<group>";
		};
		FE211BBF1B4F5673000A1DE8 /* Supporting Files */ = {
			isa = PBXGroup;
			children = (
				FE211BC01B4F5673000A1DE8 /* Info.plist */,
			);
			name = "Supporting Files";
			sourceTree = "<group>";
		};
		FE211BD41B4F5673000A1DE8 /* PhotoGrouperTests */ = {
			isa = PBXGroup;
			children = (
				FE211BD71B4F5673000A1DE8 /* PhotoGrouperTests.swift */,
				FE211BD51B4F5673000A1DE8 /* Supporting Files */,
			);
			path = PhotoGrouperTests;
			sourceTree = "<group>";
		};
		FE211BD51B4F5673000A1DE8 /* Supporting Files */ = {
			isa = PBXGroup;
			children = (
				FE211BD61B4F5673000A1DE8 /* Info.plist */,
			);
			name = "Supporting Files";
			sourceTree = "<group>";
		};
/* End PBXGroup section */

/* Begin PBXNativeTarget section */
		FE211BBB1B4F5673000A1DE8 /* PhotoGrouper */ = {
			isa = PBXNativeTarget;
			buildConfigurationList = FE211BDB1B4F5673000A1DE8 /* Build configuration list for PBXNativeTarget "PhotoGrouper" */;
			buildPhases = (
				FE211BB81B4F5673000A1DE8 /* Sources */,
				FE211BB91B4F5673000A1DE8 /* Frameworks */,
				FE211BBA1B4F5673000A1DE8 /* Resources */,
			);
			buildRules = (
			);
			dependencies = (
			);
			name = PhotoGrouper;
			productName = PhotoGrouper;
			productReference = FE211BBC1B4F5673000A1DE8 /* PhotoGrouper.app */;
			productType = "com.apple.product-type.application";
		};
		FE211BD01B4F5673000A1DE8 /* PhotoGrouperTests */ = {
			isa = PBXNativeTarget;
			buildConfigurationList = FE211BDE1B4F5673000A1DE8 /* Build configuration list for PBXNativeTarget "PhotoGrouperTests" */;
			buildPhases = (
				FE211BCD1B4F5673000A1DE8 /* Sources */,
				FE211BCE1B4F5673000A1DE8 /* Frameworks */,
				FE211BCF1B4F5673000A1DE8 /* Resources */,
			);
			buildRules = (
			);
			dependencies = (
				FE211BD31B4F5673000A1DE8 /* PBXTargetDependency */,
			);
			name = PhotoGrouperTests;
			productName = PhotoGrouperTests;
			productReference = FE211BD11B4F5673000A1DE8 /* PhotoGrouperTests.xctest */;
			productType = "com.apple.product-type.bundle.unit-test";
		};
/* End PBXNativeTarget section */

/* Begin PBXProject section */
		FE211BB41B4F5672000A1DE8 /* Project object */ = {
			isa = PBXProject;
			attributes = {
				LastUpgradeCheck = 0630;
				ORGANIZATIONNAME = "Elex Lee";
				TargetAttributes = {
					FE211BBB1B4F5673000A1DE8 = {
						CreatedOnToolsVersion = 6.3;
					};
					FE211BD01B4F5673000A1DE8 = {
						CreatedOnToolsVersion = 6.3;
						TestTargetID = FE211BBB1B4F5673000A1DE8;
					};
				};
			};
			buildConfigurationList = FE211BB71B4F5672000A1DE8 /* Build configuration list for PBXProject "PhotoGrouper" */;
			compatibilityVersion = "Xcode 3.2";
			developmentRegion = English;
			hasScannedForEncodings = 0;
			knownRegions = (
				en,
				Base,
			);
			mainGroup = FE211BB31B4F5672000A1DE8;
			productRefGroup = FE211BBD1B4F5673000A1DE8 /* Products */;
			projectDirPath = "";
			projectRoot = "";
			targets = (
				FE211BBB1B4F5673000A1DE8 /* PhotoGrouper */,
				FE211BD01B4F5673000A1DE8 /* PhotoGrouperTests */,
			);
		};
/* End PBXProject section */

/* Begin PBXResourcesBuildPhase section */
		FE211BBA1B4F5673000A1DE8 /* Resources */ = {
			isa = PBXResourcesBuildPhase;
			buildActionMask = 2147483647;
			files = (
				FE211BC71B4F5673000A1DE8 /* Main.storyboard in Resources */,
				FE211BCC1B4F5673000A1DE8 /* LaunchScreen.xib in Resources */,
				FE211BC91B4F5673000A1DE8 /* Images.xcassets in Resources */,
			);
			runOnlyForDeploymentPostprocessing = 0;
		};
		FE211BCF1B4F5673000A1DE8 /* Resources */ = {
			isa = PBXResourcesBuildPhase;
			buildActionMask = 2147483647;
			files = (
			);
			runOnlyForDeploymentPostprocessing = 0;
		};
/* End PBXResourcesBuildPhase section */

/* Begin PBXSourcesBuildPhase section */
		FE211BB81B4F5673000A1DE8 /* Sources */ = {
			isa = PBXSourcesBuildPhase;
			buildActionMask = 2147483647;
			files = (
				FE211BE41B4F5A05000A1DE8 /* PhotoTableViewCell.swift in Sources */,
				FE211BE61B4F5A2A000A1DE8 /* PhotoCollectionViewCell.swift in Sources */,
				FE211BC41B4F5673000A1DE8 /* ViewController.swift in Sources */,
				FE211BE21B4F59E3000A1DE8 /* PhotoTableViewController.swift in Sources */,
				FE211BC21B4F5673000A1DE8 /* AppDelegate.swift in Sources */,
			);
			runOnlyForDeploymentPostprocessing = 0;
		};
		FE211BCD1B4F5673000A1DE8 /* Sources */ = {
			isa = PBXSourcesBuildPhase;
			buildActionMask = 2147483647;
			files = (
				FE211BD81B4F5673000A1DE8 /* PhotoGrouperTests.swift in Sources */,
			);
			runOnlyForDeploymentPostprocessing = 0;
		};
/* End PBXSourcesBuildPhase section */

/* Begin PBXTargetDependency section */
		FE211BD31B4F5673000A1DE8 /* PBXTargetDependency */ = {
			isa = PBXTargetDependency;
			target = FE211BBB1B4F5673000A1DE8 /* PhotoGrouper */;
			targetProxy = FE211BD21B4F5673000A1DE8 /* PBXContainerItemProxy */;
		};
/* End PBXTargetDependency section */

/* Begin PBXVariantGroup section */
		FE211BC51B4F5673000A1DE8 /* Main.storyboard */ = {
			isa = PBXVariantGroup;
			children = (
				FE211BC61B4F5673000A1DE8 /* Base */,
			);
			name = Main.storyboard;
			sourceTree = "<group>";
		};
		FE211BCA1B4F5673000A1DE8 /* LaunchScreen.xib */ = {
			isa = PBXVariantGroup;
			children = (
				FE211BCB1B4F5673000A1DE8 /* Base */,
			);
			name = LaunchScreen.xib;
			sourceTree = "<group>";
		};
/* End PBXVariantGroup section */

/* Begin XCBuildConfiguration section */
		FE211BD91B4F5673000A1DE8 /* Debug */ = {
			isa = XCBuildConfiguration;
			buildSettings = {
				ALWAYS_SEARCH_USER_PATHS = NO;
				CLANG_CXX_LANGUAGE_STANDARD = "gnu++0x";
				CLANG_CXX_LIBRARY = "libc++";
				CLANG_ENABLE_MODULES = YES;
				CLANG_ENABLE_OBJC_ARC = YES;
				CLANG_WARN_BOOL_CONVERSION = YES;
				CLANG_WARN_CONSTANT_CONVERSION = YES;
				CLANG_WARN_DIRECT_OBJC_ISA_USAGE = YES_ERROR;
				CLANG_WARN_EMPTY_BODY = YES;
				CLANG_WARN_ENUM_CONVERSION = YES;
				CLANG_WARN_INT_CONVERSION = YES;
				CLANG_WARN_OBJC_ROOT_CLASS = YES_ERROR;
				CLANG_WARN_UNREACHABLE_CODE = YES;
				CLANG_WARN__DUPLICATE_METHOD_MATCH = YES;
				"CODE_SIGN_IDENTITY[sdk=iphoneos*]" = "iPhone Developer";
				COPY_PHASE_STRIP = NO;
				DEBUG_INFORMATION_FORMAT = "dwarf-with-dsym";
				ENABLE_STRICT_OBJC_MSGSEND = YES;
				GCC_C_LANGUAGE_STANDARD = gnu99;
				GCC_DYNAMIC_NO_PIC = NO;
				GCC_NO_COMMON_BLOCKS = YES;
				GCC_OPTIMIZATION_LEVEL = 0;
				GCC_PREPROCESSOR_DEFINITIONS = (
					"DEBUG=1",
					"$(inherited)",
				);
				GCC_SYMBOLS_PRIVATE_EXTERN = NO;
				GCC_WARN_64_TO_32_BIT_CONVERSION = YES;
				GCC_WARN_ABOUT_RETURN_TYPE = YES_ERROR;
				GCC_WARN_UNDECLARED_SELECTOR = YES;
				GCC_WARN_UNINITIALIZED_AUTOS = YES_AGGRESSIVE;
				GCC_WARN_UNUSED_FUNCTION = YES;
				GCC_WARN_UNUSED_VARIABLE = YES;
				IPHONEOS_DEPLOYMENT_TARGET = 8.3;
				MTL_ENABLE_DEBUG_INFO = YES;
				ONLY_ACTIVE_ARCH = YES;
				SDKROOT = iphoneos;
				SWIFT_OPTIMIZATION_LEVEL = "-Onone";
			};
			name = Debug;
		};
		FE211BDA1B4F5673000A1DE8 /* Release */ = {
			isa = XCBuildConfiguration;
			buildSettings = {
				ALWAYS_SEARCH_USER_PATHS = NO;
				CLANG_CXX_LANGUAGE_STANDARD = "gnu++0x";
				CLANG_CXX_LIBRARY = "libc++";
				CLANG_ENABLE_MODULES = YES;
				CLANG_ENABLE_OBJC_ARC = YES;
				CLANG_WARN_BOOL_CONVERSION = YES;
				CLANG_WARN_CONSTANT_CONVERSION = YES;
				CLANG_WARN_DIRECT_OBJC_ISA_USAGE = YES_ERROR;
				CLANG_WARN_EMPTY_BODY = YES;
				CLANG_WARN_ENUM_CONVERSION = YES;
				CLANG_WARN_INT_CONVERSION = YES;
				CLANG_WARN_OBJC_ROOT_CLASS = YES_ERROR;
				CLANG_WARN_UNREACHABLE_CODE = YES;
				CLANG_WARN__DUPLICATE_METHOD_MATCH = YES;
				"CODE_SIGN_IDENTITY[sdk=iphoneos*]" = "iPhone Developer";
				COPY_PHASE_STRIP = NO;
				DEBUG_INFORMATION_FORMAT = "dwarf-with-dsym";
				ENABLE_NS_ASSERTIONS = NO;
				ENABLE_STRICT_OBJC_MSGSEND = YES;
				GCC_C_LANGUAGE_STANDARD = gnu99;
				GCC_NO_COMMON_BLOCKS = YES;
				GCC_WARN_64_TO_32_BIT_CONVERSION = YES;
				GCC_WARN_ABOUT_RETURN_TYPE = YES_ERROR;
				GCC_WARN_UNDECLARED_SELECTOR = YES;
				GCC_WARN_UNINITIALIZED_AUTOS = YES_AGGRESSIVE;
				GCC_WARN_UNUSED_FUNCTION = YES;
				GCC_WARN_UNUSED_VARIABLE = YES;
				IPHONEOS_DEPLOYMENT_TARGET = 8.3;
				MTL_ENABLE_DEBUG_INFO = NO;
				SDKROOT = iphoneos;
				VALIDATE_PRODUCT = YES;
			};
			name = Release;
		};
		FE211BDC1B4F5673000A1DE8 /* Debug */ = {
			isa = XCBuildConfiguration;
			buildSettings = {
				ASSETCATALOG_COMPILER_APPICON_NAME = AppIcon;
				INFOPLIST_FILE = PhotoGrouper/Info.plist;
				LD_RUNPATH_SEARCH_PATHS = "$(inherited) @executable_path/Frameworks";
				PRODUCT_NAME = "$(TARGET_NAME)";
			};
			name = Debug;
		};
		FE211BDD1B4F5673000A1DE8 /* Release */ = {
			isa = XCBuildConfiguration;
			buildSettings = {
				ASSETCATALOG_COMPILER_APPICON_NAME = AppIcon;
				INFOPLIST_FILE = PhotoGrouper/Info.plist;
				LD_RUNPATH_SEARCH_PATHS = "$(inherited) @executable_path/Frameworks";
				PRODUCT_NAME = "$(TARGET_NAME)";
			};
			name = Release;
		};
		FE211BDF1B4F5673000A1DE8 /* Debug */ = {
			isa = XCBuildConfiguration;
			buildSettings = {
				BUNDLE_LOADER = "$(TEST_HOST)";
				FRAMEWORK_SEARCH_PATHS = (
					"$(SDKROOT)/Developer/Library/Frameworks",
					"$(inherited)",
				);
				GCC_PREPROCESSOR_DEFINITIONS = (
					"DEBUG=1",
					"$(inherited)",
				);
				INFOPLIST_FILE = PhotoGrouperTests/Info.plist;
				LD_RUNPATH_SEARCH_PATHS = "$(inherited) @executable_path/Frameworks @loader_path/Frameworks";
				PRODUCT_NAME = "$(TARGET_NAME)";
				TEST_HOST = "$(BUILT_PRODUCTS_DIR)/PhotoGrouper.app/PhotoGrouper";
			};
			name = Debug;
		};
		FE211BE01B4F5673000A1DE8 /* Release */ = {
			isa = XCBuildConfiguration;
			buildSettings = {
				BUNDLE_LOADER = "$(TEST_HOST)";
				FRAMEWORK_SEARCH_PATHS = (
					"$(SDKROOT)/Developer/Library/Frameworks",
					"$(inherited)",
				);
				INFOPLIST_FILE = PhotoGrouperTests/Info.plist;
				LD_RUNPATH_SEARCH_PATHS = "$(inherited) @executable_path/Frameworks @loader_path/Frameworks";
				PRODUCT_NAME = "$(TARGET_NAME)";
				TEST_HOST = "$(BUILT_PRODUCTS_DIR)/PhotoGrouper.app/PhotoGrouper";
			};
			name = Release;
		};
/* End XCBuildConfiguration section */

/* Begin XCConfigurationList section */
		FE211BB71B4F5672000A1DE8 /* Build configuration list for PBXProject "PhotoGrouper" */ = {
			isa = XCConfigurationList;
			buildConfigurations = (
				FE211BD91B4F5673000A1DE8 /* Debug */,
				FE211BDA1B4F5673000A1DE8 /* Release */,
			);
			defaultConfigurationIsVisible = 0;
			defaultConfigurationName = Release;
		};
		FE211BDB1B4F5673000A1DE8 /* Build configuration list for PBXNativeTarget "PhotoGrouper" */ = {
			isa = XCConfigurationList;
			buildConfigurations = (
				FE211BDC1B4F5673000A1DE8 /* Debug */,
				FE211BDD1B4F5673000A1DE8 /* Release */,
			);
			defaultConfigurationIsVisible = 0;
		};
		FE211BDE1B4F5673000A1DE8 /* Build configuration list for PBXNativeTarget "PhotoGrouperTests" */ = {
			isa = XCConfigurationList;
			buildConfigurations = (
				FE211BDF1B4F5673000A1DE8 /* Debug */,
				FE211BE01B4F5673000A1DE8 /* Release */,
			);
			defaultConfigurationIsVisible = 0;
		};
/* End XCConfigurationList section */
	};
	rootObject = FE211BB41B4F5672000A1DE8 /* Project object */;
}
